
Microsoft Visual Studio Solution File, Format Version 12.00
# Visual Studio Version 16
VisualStudioVersion = 16.0.30104.148
MinimumVisualStudioVersion = 10.0.40219.1
Project("{FAE04EC0-301F-11D3-BF4B-00C04F79EFBC}") = "GetAirWristBandSorter", "GetAirWristBandSorter\GetAirWristBandSorter.csproj", "{256C2318-A5CE-41E1-9896-C8C2D58A29CD}"
EndProject
Global
	GlobalSection(SolutionConfigurationPlatforms) = preSolution
		Debug|Any CPU = Debug|Any CPU
		Release|Any CPU = Release|Any CPU
	EndGlobalSection
	GlobalSection(ProjectConfigurationPlatforms) = postSolution
		{256C2318-A5CE-41E1-9896-C8C2D58A29CD}.Debug|Any CPU.ActiveCfg = Debug|Any CPU
		{256C2318-A5CE-41E1-9896-C8C2D58A29CD}.Debug|Any CPU.Build.0 = Debug|Any CPU
		{256C2318-A5CE-41E1-9896-C8C2D58A29CD}.Release|Any CPU.ActiveCfg = Release|Any CPU
		{256C2318-A5CE-41E1-9896-C8C2D58A29CD}.Release|Any CPU.Build.0 = Release|Any CPU
	EndGlobalSection
	GlobalSection(SolutionProperties) = preSolution
		HideSolutionNode = FALSE
	EndGlobalSection
	GlobalSection(ExtensibilityGlobals) = postSolution
		SolutionGuid = {2310ED5D-07DA-4054-A76C-EE66A3C7B0C8}
	EndGlobalSection
EndGlobal
